{
  "version": 4,
  "terraform_version": "1.1.6",
  "serial": 97,
  "lineage": "cd4b9aac-e50e-cd90-1071-1c7364311bfa",
  "outputs": {},
  "resources": [
    {
      "mode": "managed",
      "type": "google_compute_address",
      "name": "static",
      "provider": "provider[\"registry.terraform.io/hashicorp/google\"]",
      "instances": [
        {
          "schema_version": 0,
          "attributes": {
            "address": "34.159.197.88",
            "address_type": "EXTERNAL",
            "creation_timestamp": "2022-04-17T23:54:03.608-07:00",
            "description": "",
            "id": "projects/qwilt-candidate/regions/europe-west3/addresses/jenkins-public-ip",
            "name": "jenkins-public-ip",
            "network": "",
            "network_tier": "PREMIUM",
            "prefix_length": 0,
            "project": "qwilt-candidate",
            "purpose": "",
            "region": "europe-west3",
            "self_link": "https://www.googleapis.com/compute/v1/projects/qwilt-candidate/regions/europe-west3/addresses/jenkins-public-ip",
            "subnetwork": "",
            "timeouts": null,
            "users": [
              "https://www.googleapis.com/compute/v1/projects/qwilt-candidate/zones/europe-west3-a/instances/jenkins-master"
            ]
          },
          "sensitive_attributes": [],
          "private": "eyJlMmJmYjczMC1lY2FhLTExZTYtOGY4OC0zNDM2M2JjN2M0YzAiOnsiY3JlYXRlIjoxMjAwMDAwMDAwMDAwLCJkZWxldGUiOjEyMDAwMDAwMDAwMDB9fQ=="
        }
      ]
    },
    {
      "mode": "managed",
      "type": "google_compute_firewall",
      "name": "default",
      "provider": "provider[\"registry.terraform.io/hashicorp/google\"]",
      "instances": [
        {
          "schema_version": 1,
          "attributes": {
            "allow": [
              {
                "ports": [
                  "22",
                  "8080"
                ],
                "protocol": "tcp"
              }
            ],
            "creation_timestamp": "2022-04-18T00:34:12.616-07:00",
            "deny": [],
            "description": "Allow Asaf Personal IP to access Jenkins",
            "destination_ranges": [],
            "direction": "INGRESS",
            "disabled": false,
            "enable_logging": null,
            "id": "projects/qwilt-candidate/global/firewalls/jenkins-firewall",
            "log_config": [],
            "name": "jenkins-firewall",
            "network": "https://www.googleapis.com/compute/v1/projects/qwilt-candidate/global/networks/asaf-jenkins-network",
            "priority": 1000,
            "project": "qwilt-candidate",
            "self_link": "https://www.googleapis.com/compute/v1/projects/qwilt-candidate/global/firewalls/jenkins-firewall",
            "source_ranges": [
              "84.229.137.37/32"
            ],
            "source_service_accounts": [],
            "source_tags": [],
            "target_service_accounts": [],
            "target_tags": [],
            "timeouts": null
          },
          "sensitive_attributes": [],
          "private": "eyJlMmJmYjczMC1lY2FhLTExZTYtOGY4OC0zNDM2M2JjN2M0YzAiOnsiY3JlYXRlIjoxMjAwMDAwMDAwMDAwLCJkZWxldGUiOjEyMDAwMDAwMDAwMDAsInVwZGF0ZSI6MTIwMDAwMDAwMDAwMH0sInNjaGVtYV92ZXJzaW9uIjoiMSJ9",
          "dependencies": [
            "google_compute_network.network"
          ]
        }
      ]
    },
    {
      "mode": "managed",
      "type": "google_compute_instance",
      "name": "instance",
      "provider": "provider[\"registry.terraform.io/hashicorp/google\"]",
      "instances": [
        {
          "schema_version": 6,
          "attributes": {
            "advanced_machine_features": [],
            "allow_stopping_for_update": null,
            "attached_disk": [],
            "boot_disk": [
              {
                "auto_delete": false,
                "device_name": "persistent-disk-0",
                "disk_encryption_key_raw": "",
                "disk_encryption_key_sha256": "",
                "initialize_params": [
                  {
                    "image": "https://www.googleapis.com/compute/v1/projects/centos-cloud/global/images/centos-stream-8-v20220406",
                    "labels": {},
                    "size": 20,
                    "type": "pd-standard"
                  }
                ],
                "kms_key_self_link": "",
                "mode": "READ_WRITE",
                "source": "https://www.googleapis.com/compute/v1/projects/qwilt-candidate/zones/europe-west3-a/disks/jenkins-master"
              }
            ],
            "can_ip_forward": false,
            "confidential_instance_config": [],
            "cpu_platform": "Intel Broadwell",
            "current_status": "RUNNING",
            "deletion_protection": false,
            "description": "",
            "desired_status": null,
            "enable_display": false,
            "guest_accelerator": [],
            "hostname": "",
            "id": "projects/qwilt-candidate/zones/europe-west3-a/instances/jenkins-master",
            "instance_id": "4521910360318444622",
            "label_fingerprint": "42WmSpB8rSM=",
            "labels": {},
            "machine_type": "e2-medium",
            "metadata": {
              "name": "Jenkins-Master"
            },
            "metadata_fingerprint": "U2zfArx6taM=",
            "metadata_startup_script": "#!/bin/bash\ndnf install java-11-openjdk -y\ncurl -o /etc/yum.repos.d/jenkins.repo http://pkg.jenkins-ci.org/redhat-stable/jenkins.repo\nrpm --import https://pkg.jenkins.io/redhat/jenkins.io.key\ndnf install jenkins -y\nsystemctl start jenkins \u0026\u0026 systemctl enable jenkins\n",
            "min_cpu_platform": "",
            "name": "jenkins-master",
            "network_interface": [
              {
                "access_config": [
                  {
                    "nat_ip": "34.159.197.88",
                    "network_tier": "PREMIUM",
                    "public_ptr_domain_name": ""
                  }
                ],
                "alias_ip_range": [],
                "ipv6_access_config": [],
                "ipv6_access_type": "",
                "name": "nic0",
                "network": "https://www.googleapis.com/compute/v1/projects/qwilt-candidate/global/networks/asaf-jenkins-network",
                "network_ip": "10.65.61.12",
                "nic_type": "",
                "queue_count": 0,
                "stack_type": "IPV4_ONLY",
                "subnetwork": "https://www.googleapis.com/compute/v1/projects/qwilt-candidate/regions/europe-west3/subnetworks/asaf-jenkins-subnetwork",
                "subnetwork_project": "qwilt-candidate"
              }
            ],
            "project": "qwilt-candidate",
            "reservation_affinity": [],
            "resource_policies": [],
            "scheduling": [
              {
                "automatic_restart": true,
                "min_node_cpus": 0,
                "node_affinities": [],
                "on_host_maintenance": "MIGRATE",
                "preemptible": false
              }
            ],
            "scratch_disk": [],
            "self_link": "https://www.googleapis.com/compute/v1/projects/qwilt-candidate/zones/europe-west3-a/instances/jenkins-master",
            "service_account": [
              {
                "email": "42376560169-compute@developer.gserviceaccount.com",
                "scopes": [
                  "https://www.googleapis.com/auth/cloud-platform"
                ]
              }
            ],
            "shielded_instance_config": [
              {
                "enable_integrity_monitoring": true,
                "enable_secure_boot": false,
                "enable_vtpm": true
              }
            ],
            "tags": [
              "jenkins-master"
            ],
            "tags_fingerprint": "wLGf-2u2R1U=",
            "timeouts": null,
            "zone": "europe-west3-a"
          },
          "sensitive_attributes": [],
          "private": "eyJlMmJmYjczMC1lY2FhLTExZTYtOGY4OC0zNDM2M2JjN2M0YzAiOnsiY3JlYXRlIjoxMjAwMDAwMDAwMDAwLCJkZWxldGUiOjEyMDAwMDAwMDAwMDAsInVwZGF0ZSI6MTIwMDAwMDAwMDAwMH0sInNjaGVtYV92ZXJzaW9uIjoiNiJ9",
          "dependencies": [
            "google_compute_address.static",
            "google_compute_network.network",
            "google_compute_subnetwork.subnetwork"
          ]
        }
      ]
    },
    {
      "mode": "managed",
      "type": "google_compute_network",
      "name": "network",
      "provider": "provider[\"registry.terraform.io/hashicorp/google\"]",
      "instances": [
        {
          "index_key": 0,
          "schema_version": 0,
          "attributes": {
            "auto_create_subnetworks": false,
            "delete_default_routes_on_create": false,
            "description": "",
            "gateway_ipv4": "",
            "id": "projects/qwilt-candidate/global/networks/asaf-gke-network",
            "mtu": 0,
            "name": "asaf-gke-network",
            "project": "qwilt-candidate",
            "routing_mode": "REGIONAL",
            "self_link": "https://www.googleapis.com/compute/v1/projects/qwilt-candidate/global/networks/asaf-gke-network",
            "timeouts": null
          },
          "sensitive_attributes": [],
          "private": "eyJlMmJmYjczMC1lY2FhLTExZTYtOGY4OC0zNDM2M2JjN2M0YzAiOnsiY3JlYXRlIjoxMjAwMDAwMDAwMDAwLCJkZWxldGUiOjEyMDAwMDAwMDAwMDAsInVwZGF0ZSI6MTIwMDAwMDAwMDAwMH19"
        },
        {
          "index_key": 1,
          "schema_version": 0,
          "attributes": {
            "auto_create_subnetworks": false,
            "delete_default_routes_on_create": false,
            "description": "",
            "gateway_ipv4": "",
            "id": "projects/qwilt-candidate/global/networks/asaf-jenkins-network",
            "mtu": 0,
            "name": "asaf-jenkins-network",
            "project": "qwilt-candidate",
            "routing_mode": "REGIONAL",
            "self_link": "https://www.googleapis.com/compute/v1/projects/qwilt-candidate/global/networks/asaf-jenkins-network",
            "timeouts": null
          },
          "sensitive_attributes": [],
          "private": "eyJlMmJmYjczMC1lY2FhLTExZTYtOGY4OC0zNDM2M2JjN2M0YzAiOnsiY3JlYXRlIjoxMjAwMDAwMDAwMDAwLCJkZWxldGUiOjEyMDAwMDAwMDAwMDAsInVwZGF0ZSI6MTIwMDAwMDAwMDAwMH19"
        }
      ]
    },
    {
      "mode": "managed",
      "type": "google_compute_subnetwork",
      "name": "subnetwork",
      "provider": "provider[\"registry.terraform.io/hashicorp/google\"]",
      "instances": [
        {
          "index_key": 0,
          "schema_version": 0,
          "attributes": {
            "creation_timestamp": "2022-04-18T00:18:42.566-07:00",
            "description": "",
            "external_ipv6_prefix": "",
            "fingerprint": null,
            "gateway_address": "10.9.0.1",
            "id": "projects/qwilt-candidate/regions/europe-west3/subnetworks/asaf-gke-subnetwork",
            "ip_cidr_range": "10.9.0.0/24",
            "ipv6_access_type": "",
            "ipv6_cidr_range": "",
            "log_config": [],
            "name": "asaf-gke-subnetwork",
            "network": "https://www.googleapis.com/compute/v1/projects/qwilt-candidate/global/networks/asaf-gke-network",
            "private_ip_google_access": false,
            "private_ipv6_google_access": "DISABLE_GOOGLE_ACCESS",
            "project": "qwilt-candidate",
            "purpose": "PRIVATE",
            "region": "europe-west3",
            "role": "",
            "secondary_ip_range": [],
            "self_link": "https://www.googleapis.com/compute/v1/projects/qwilt-candidate/regions/europe-west3/subnetworks/asaf-gke-subnetwork",
            "stack_type": "IPV4_ONLY",
            "timeouts": null
          },
          "sensitive_attributes": [],
          "private": "eyJlMmJmYjczMC1lY2FhLTExZTYtOGY4OC0zNDM2M2JjN2M0YzAiOnsiY3JlYXRlIjoxMjAwMDAwMDAwMDAwLCJkZWxldGUiOjEyMDAwMDAwMDAwMDAsInVwZGF0ZSI6MTIwMDAwMDAwMDAwMH19",
          "dependencies": [
            "google_compute_network.network"
          ]
        },
        {
          "index_key": 1,
          "schema_version": 0,
          "attributes": {
            "creation_timestamp": "2022-04-18T00:14:55.694-07:00",
            "description": "",
            "external_ipv6_prefix": "",
            "fingerprint": null,
            "gateway_address": "10.65.61.1",
            "id": "projects/qwilt-candidate/regions/europe-west3/subnetworks/asaf-jenkins-subnetwork",
            "ip_cidr_range": "10.65.61.0/24",
            "ipv6_access_type": "",
            "ipv6_cidr_range": "",
            "log_config": [],
            "name": "asaf-jenkins-subnetwork",
            "network": "https://www.googleapis.com/compute/v1/projects/qwilt-candidate/global/networks/asaf-jenkins-network",
            "private_ip_google_access": false,
            "private_ipv6_google_access": "DISABLE_GOOGLE_ACCESS",
            "project": "qwilt-candidate",
            "purpose": "PRIVATE",
            "region": "europe-west3",
            "role": "",
            "secondary_ip_range": [],
            "self_link": "https://www.googleapis.com/compute/v1/projects/qwilt-candidate/regions/europe-west3/subnetworks/asaf-jenkins-subnetwork",
            "stack_type": "IPV4_ONLY",
            "timeouts": null
          },
          "sensitive_attributes": [],
          "private": "eyJlMmJmYjczMC1lY2FhLTExZTYtOGY4OC0zNDM2M2JjN2M0YzAiOnsiY3JlYXRlIjoxMjAwMDAwMDAwMDAwLCJkZWxldGUiOjEyMDAwMDAwMDAwMDAsInVwZGF0ZSI6MTIwMDAwMDAwMDAwMH19",
          "dependencies": [
            "google_compute_network.network"
          ]
        }
      ]
    },
    {
      "mode": "managed",
      "type": "google_container_cluster",
      "name": "primary",
      "provider": "provider[\"registry.terraform.io/hashicorp/google\"]",
      "instances": [
        {
          "schema_version": 1,
          "attributes": {
            "addons_config": [
              {
                "cloudrun_config": [],
                "gcp_filestore_csi_driver_config": [],
                "horizontal_pod_autoscaling": [],
                "http_load_balancing": [],
                "network_policy_config": [
                  {
                    "disabled": true
                  }
                ]
              }
            ],
            "authenticator_groups_config": [],
            "cluster_autoscaling": [
              {
                "auto_provisioning_defaults": [],
                "enabled": false,
                "resource_limits": []
              }
            ],
            "cluster_ipv4_cidr": "10.128.0.0/14",
            "confidential_nodes": [],
            "database_encryption": [
              {
                "key_name": "",
                "state": "DECRYPTED"
              }
            ],
            "datapath_provider": "",
            "default_max_pods_per_node": 110,
            "default_snat_status": [
              {
                "disabled": false
              }
            ],
            "description": "",
            "dns_config": [],
            "enable_autopilot": false,
            "enable_binary_authorization": false,
            "enable_intranode_visibility": false,
            "enable_kubernetes_alpha": false,
            "enable_legacy_abac": false,
            "enable_shielded_nodes": true,
            "enable_tpu": false,
            "endpoint": "35.246.240.222",
            "id": "projects/qwilt-candidate/locations/europe-west3-a/clusters/asaf-gke-cluster",
            "initial_node_count": 1,
            "ip_allocation_policy": [
              {
                "cluster_ipv4_cidr_block": "10.128.0.0/14",
                "cluster_secondary_range_name": "gke-asaf-gke-cluster-pods-6a039587",
                "services_ipv4_cidr_block": "10.132.0.0/20",
                "services_secondary_range_name": "gke-asaf-gke-cluster-services-6a039587"
              }
            ],
            "label_fingerprint": "a9dc16a7",
            "location": "europe-west3-a",
            "logging_config": [
              {
                "enable_components": [
                  "SYSTEM_COMPONENTS",
                  "WORKLOADS"
                ]
              }
            ],
            "logging_service": "logging.googleapis.com/kubernetes",
            "maintenance_policy": [],
            "master_auth": [
              {
                "client_certificate": "",
                "client_certificate_config": [
                  {
                    "issue_client_certificate": false
                  }
                ],
                "client_key": "",
                "cluster_ca_certificate": "LS0tLS1CRUdJTiBDRVJUSUZJQ0FURS0tLS0tCk1JSUVMVENDQXBXZ0F3SUJBZ0lSQUt3T09oMmkvTVhaS2VncEt4MncxVnd3RFFZSktvWklodmNOQVFFTEJRQXcKTHpFdE1Dc0dBMVVFQXhNa01qSTNOR1F4WW1VdFlqTXhNeTAwTm1RekxUbGxOVFl0Wm1VMU9HUmtOVEptT0RjMgpNQ0FYRFRJeU1EUXhPREV3TXpnME0xb1lEekl3TlRJd05ERXdNVEV6T0RReldqQXZNUzB3S3dZRFZRUURFeVF5Ck1qYzBaREZpWlMxaU16RXpMVFEyWkRNdE9XVTFOaTFtWlRVNFpHUTFNbVk0TnpZd2dnR2lNQTBHQ1NxR1NJYjMKRFFFQkFRVUFBNElCandBd2dnR0tBb0lCZ1FDeEJBRS9HNUFETVk5eHp0UHdUZUtKSUVod3htUnBIYkdDcm9nNwpsOHRWbnp0UnBoL0prK1czc2JFcWNhQU5jb3puU0hvVWg0akw2dG1CUExIZll5QXM5d01RQ2N1bmZ5bGpBRUxmCktkbWE1a0FzUXgzazJOUTY2Mi9PRjM2bk44SUtUbWZFRzVMbTIzaHZhUlVZZm9sVnB5b3UvOUpIQmx2MnRzQ0QKT0pabm9MY2E0NnQwaWlEUDBjK1RQcDlObDVybDBLeHIzMTFUU2xGZkZIampERVIwd0RXR0dqU2FFNmlDR0Zhegp3RlBMdFI2ZngxbzZsUG1mN3ZLZWZhKzkzNWZRNHpMMlpHVGNZZDFBc3BmcEZpMjIwbWt0WVc0Z2t5cjhZRXA2CkFCNXVEbUJJdjBmZ2ZtMDYxS0pRZHAyek5jWGRPdEdyYjg3YkpsOUxyMEpkSUN3ZUd5TXBtS05DMUxYZzNFWTYKbHBWVG0vNnZQZnVPRnVpNXR5NXplU2Q3NndmZi9mMURJNU9aNmZnZHJaSEVKcW4raitST3dweEJzNUdoa0w0SQpSdVZzQVBzZjFZTFVWYjFscjNwbXRUbDJRRGhYUHpHSlF1Q3BVb3ZDandndlh5VksyYnF6N2doOVVhRGFZclUrCkFGM2swUDZ5NmJiQm90Q2NQaEo0VE9JN1h0MENBd0VBQWFOQ01FQXdEZ1lEVlIwUEFRSC9CQVFEQWdJRU1BOEcKQTFVZEV3RUIvd1FGTUFNQkFmOHdIUVlEVlIwT0JCWUVGRUxRUCtSVEJucUk0TDc5Ti9iSnVxSUl1OWJLTUEwRwpDU3FHU0liM0RRRUJDd1VBQTRJQmdRQ0FZSmg5eE5DeGd1MWJCL0VEa1RRNm03N1VhVjdodnhQMDVJNlBYcnJCCkdjYjdsM1d1QzRjVFFubDA3ek9jendZb3ZCUVhmUUpPTkl0YWh6eFlWTzVRNmc2RzlxaXBlb2N0eHhmL1QybHMKN1ArcDFDNy9UUXdDaUtHNmEwNzlaWTJXVEdRa1h6UUh5NEF1TFUwT3JDMmtlQUpONUVEZDlSMytUa0p1SlplOQpVM2xybDUwd2wwRU5wUWk0dnkwKzczTmMyTWVVQ0dSNWhTczF0cnlQZnowQnA4NytyMEU4UTRxRytUN2tidzBKCjZTUjJCK1hQQk1KYitTazZhSnRxbDNTeWNILzRnK05mUHorMkVqYnRJYnQ5YUx1SlI2a0dsOEhIUmNtUk5BOHoKN011UGw1T0FNUzhTQ0V2UUduVm5hQ1dyeDZOV3ZJdm1IcGhtWEZuMVYrcVMxa2VKdUhKWXBKcnZvSGdlVWJXOQpPY3FaZTRSNXNsek0vSm5sWlpObHBORU5OYUl6bjA1ZFBNN2R6VVpNNUxuVWtybDFWaXpqcExMWFQ3dkt5RmwwCmhtYVNoQndTc1ZuQTlNTXUvZGNCcEpwRXFOd0dSWU54eTZmTEZWYmtXS0d3NHh3aUc2clkzbndMRFd1b0J6akEKeUZtbkgrZDhIQ3RUNFNXSHB3NVZpZmM9Ci0tLS0tRU5EIENFUlRJRklDQVRFLS0tLS0K"
              }
            ],
            "master_authorized_networks_config": [
              {
                "cidr_blocks": [
                  {
                    "cidr_block": "84.229.137.37/32",
                    "display_name": "Asaf's Home IP"
                  }
                ]
              }
            ],
            "master_version": "1.21.6-gke.1503",
            "min_master_version": null,
            "monitoring_config": [
              {
                "enable_components": [
                  "SYSTEM_COMPONENTS"
                ]
              }
            ],
            "monitoring_service": "monitoring.googleapis.com/kubernetes",
            "name": "asaf-gke-cluster",
            "network": "projects/qwilt-candidate/global/networks/asaf-gke-network",
            "network_policy": [
              {
                "enabled": false,
                "provider": "PROVIDER_UNSPECIFIED"
              }
            ],
            "networking_mode": "VPC_NATIVE",
            "node_config": [
              {
                "boot_disk_kms_key": "",
                "disk_size_gb": 20,
                "disk_type": "pd-standard",
                "gcfs_config": [],
                "guest_accelerator": [],
                "gvnic": [],
                "image_type": "COS_CONTAINERD",
                "labels": {
                  "name": "asaf-gke-cluster"
                },
                "local_ssd_count": 0,
                "machine_type": "e2-medium",
                "metadata": {
                  "disable-legacy-endpoints": "true"
                },
                "min_cpu_platform": "",
                "node_group": "",
                "oauth_scopes": [
                  "https://www.googleapis.com/auth/cloud-platform"
                ],
                "preemptible": false,
                "service_account": "42376560169-compute@developer.gserviceaccount.com",
                "shielded_instance_config": [
                  {
                    "enable_integrity_monitoring": true,
                    "enable_secure_boot": false
                  }
                ],
                "tags": [
                  "asaf-gke-controlplane"
                ],
                "taint": [],
                "workload_metadata_config": []
              }
            ],
            "node_locations": [],
            "node_pool": [
              {
                "autoscaling": [],
                "initial_node_count": 1,
                "instance_group_urls": [
                  "https://www.googleapis.com/compute/v1/projects/qwilt-candidate/zones/europe-west3-a/instanceGroupManagers/gke-asaf-gke-cluster-default-pool-6e9c2b7c-grp"
                ],
                "managed_instance_group_urls": [
                  "https://www.googleapis.com/compute/v1/projects/qwilt-candidate/zones/europe-west3-a/instanceGroups/gke-asaf-gke-cluster-default-pool-6e9c2b7c-grp"
                ],
                "management": [
                  {
                    "auto_repair": true,
                    "auto_upgrade": true
                  }
                ],
                "max_pods_per_node": 110,
                "name": "default-pool",
                "name_prefix": "",
                "node_config": [
                  {
                    "boot_disk_kms_key": "",
                    "disk_size_gb": 20,
                    "disk_type": "pd-standard",
                    "gcfs_config": [],
                    "guest_accelerator": [],
                    "gvnic": [],
                    "image_type": "COS_CONTAINERD",
                    "labels": {
                      "name": "asaf-gke-cluster"
                    },
                    "local_ssd_count": 0,
                    "machine_type": "e2-medium",
                    "metadata": {
                      "disable-legacy-endpoints": "true"
                    },
                    "min_cpu_platform": "",
                    "node_group": "",
                    "oauth_scopes": [
                      "https://www.googleapis.com/auth/cloud-platform"
                    ],
                    "preemptible": false,
                    "service_account": "42376560169-compute@developer.gserviceaccount.com",
                    "shielded_instance_config": [
                      {
                        "enable_integrity_monitoring": true,
                        "enable_secure_boot": false
                      }
                    ],
                    "tags": [
                      "asaf-gke-controlplane"
                    ],
                    "taint": [],
                    "workload_metadata_config": []
                  }
                ],
                "node_count": 1,
                "node_locations": [
                  "europe-west3-a"
                ],
                "upgrade_settings": [
                  {
                    "max_surge": 1,
                    "max_unavailable": 0
                  }
                ],
                "version": "1.21.6-gke.1503"
              }
            ],
            "node_version": "1.21.6-gke.1503",
            "operation": null,
            "private_cluster_config": [],
            "private_ipv6_google_access": "",
            "project": "qwilt-candidate",
            "release_channel": [
              {
                "channel": "REGULAR"
              }
            ],
            "remove_default_node_pool": null,
            "resource_labels": null,
            "resource_usage_export_config": [],
            "self_link": "https://container.googleapis.com/v1/projects/qwilt-candidate/zones/europe-west3-a/clusters/asaf-gke-cluster",
            "services_ipv4_cidr": "10.132.0.0/20",
            "subnetwork": "projects/qwilt-candidate/regions/europe-west3/subnetworks/asaf-gke-subnetwork",
            "timeouts": {
              "create": "30m",
              "delete": null,
              "read": null,
              "update": "40m"
            },
            "tpu_ipv4_cidr_block": "",
            "vertical_pod_autoscaling": [],
            "workload_identity_config": []
          },
          "sensitive_attributes": [],
          "private": "eyJlMmJmYjczMC1lY2FhLTExZTYtOGY4OC0zNDM2M2JjN2M0YzAiOnsiY3JlYXRlIjoxODAwMDAwMDAwMDAwLCJkZWxldGUiOjI0MDAwMDAwMDAwMDAsInJlYWQiOjI0MDAwMDAwMDAwMDAsInVwZGF0ZSI6MjQwMDAwMDAwMDAwMH0sInNjaGVtYV92ZXJzaW9uIjoiMSJ9",
          "dependencies": [
            "google_compute_network.network",
            "google_compute_subnetwork.subnetwork"
          ]
        }
      ]
    }
  ]
}
